// !$*UTF8*$!
{
	archiveVersion = 1;
	classes = {
	};
	objectVersion = 55;
	objects = {

/* Begin PBXBuildFile section */
		5EEF946B271D392200F800A1 /* Redux_DemoApp.swift in Sources */ = {isa = PBXBuildFile; fileRef = 5EEF946A271D392200F800A1 /* Redux_DemoApp.swift */; };
		5EEF946F271D392600F800A1 /* Assets.xcassets in Resources */ = {isa = PBXBuildFile; fileRef = 5EEF946E271D392600F800A1 /* Assets.xcassets */; };
		5EEF9472271D392600F800A1 /* Preview Assets.xcassets in Resources */ = {isa = PBXBuildFile; fileRef = 5EEF9471271D392600F800A1 /* Preview Assets.xcassets */; };
		5EEF947C271D392600F800A1 /* Redux_DemoTests.swift in Sources */ = {isa = PBXBuildFile; fileRef = 5EEF947B271D392600F800A1 /* Redux_DemoTests.swift */; };
		5EEF9486271D392600F800A1 /* Redux_DemoUITests.swift in Sources */ = {isa = PBXBuildFile; fileRef = 5EEF9485271D392600F800A1 /* Redux_DemoUITests.swift */; };
		5EEF9488271D392600F800A1 /* Redux_DemoUITestsLaunchTests.swift in Sources */ = {isa = PBXBuildFile; fileRef = 5EEF9487271D392600F800A1 /* Redux_DemoUITestsLaunchTests.swift */; };
		5EEF949A271D395C00F800A1 /* ValidationView.swift in Sources */ = {isa = PBXBuildFile; fileRef = 5EEF9494271D395B00F800A1 /* ValidationView.swift */; };
		5EEF949B271D395C00F800A1 /* Store.swift in Sources */ = {isa = PBXBuildFile; fileRef = 5EEF9495271D395B00F800A1 /* Store.swift */; };
		5EEF949C271D395C00F800A1 /* MiddleWare.swift in Sources */ = {isa = PBXBuildFile; fileRef = 5EEF9496271D395C00F800A1 /* MiddleWare.swift */; };
		5EEF949D271D395C00F800A1 /* AppActions.swift in Sources */ = {isa = PBXBuildFile; fileRef = 5EEF9497271D395C00F800A1 /* AppActions.swift */; };
		5EEF949E271D395C00F800A1 /* AppState.swift in Sources */ = {isa = PBXBuildFile; fileRef = 5EEF9498271D395C00F800A1 /* AppState.swift */; };
		5EEF949F271D395C00F800A1 /* Reducer.swift in Sources */ = {isa = PBXBuildFile; fileRef = 5EEF9499271D395C00F800A1 /* Reducer.swift */; };
/* End PBXBuildFile section */

/* Begin PBXContainerItemProxy section */
		5EEF9478271D392600F800A1 /* PBXContainerItemProxy */ = {
			isa = PBXContainerItemProxy;
			containerPortal = 5EEF945F271D392200F800A1 /* Project object */;
			proxyType = 1;
			remoteGlobalIDString = 5EEF9466271D392200F800A1;
			remoteInfo = Redux_Demo;
		};
		5EEF9482271D392600F800A1 /* PBXContainerItemProxy */ = {
			isa = PBXContainerItemProxy;
			containerPortal = 5EEF945F271D392200F800A1 /* Project object */;
			proxyType = 1;
			remoteGlobalIDString = 5EEF9466271D392200F800A1;
			remoteInfo = Redux_Demo;
		};
/* End PBXContainerItemProxy section */

/* Begin PBXFileReference section */
		5EEF9467271D392200F800A1 /* Redux_Demo.app */ = {isa = PBXFileReference; explicitFileType = wrapper.application; includeInIndex = 0; path = Redux_Demo.app; sourceTree = BUILT_PRODUCTS_DIR; };
		5EEF946A271D392200F800A1 /* Redux_DemoApp.swift */ = {isa = PBXFileReference; lastKnownFileType = sourcecode.swift; path = Redux_DemoApp.swift; sourceTree = "<group>"; };
		5EEF946E271D392600F800A1 /* Assets.xcassets */ = {isa = PBXFileReference; lastKnownFileType = folder.assetcatalog; path = Assets.xcassets; sourceTree = "<group>"; };
		5EEF9471271D392600F800A1 /* Preview Assets.xcassets */ = {isa = PBXFileReference; lastKnownFileType = folder.assetcatalog; path = "Preview Assets.xcassets"; sourceTree = "<group>"; };
		5EEF9477271D392600F800A1 /* Redux_DemoTests.xctest */ = {isa = PBXFileReference; explicitFileType = wrapper.cfbundle; includeInIndex = 0; path = Redux_DemoTests.xctest; sourceTree = BUILT_PRODUCTS_DIR; };
		5EEF947B271D392600F800A1 /* Redux_DemoTests.swift */ = {isa = PBXFileReference; lastKnownFileType = sourcecode.swift; path = Redux_DemoTests.swift; sourceTree = "<group>"; };
		5EEF9481271D392600F800A1 /* Redux_DemoUITests.xctest */ = {isa = PBXFileReference; explicitFileType = wrapper.cfbundle; includeInIndex = 0; path = Redux_DemoUITests.xctest; sourceTree = BUILT_PRODUCTS_DIR; };
		5EEF9485271D392600F800A1 /* Redux_DemoUITests.swift */ = {isa = PBXFileReference; lastKnownFileType = sourcecode.swift; path = Redux_DemoUITests.swift; sourceTree = "<group>"; };
		5EEF9487271D392600F800A1 /* Redux_DemoUITestsLaunchTests.swift */ = {isa = PBXFileReference; lastKnownFileType = sourcecode.swift; path = Redux_DemoUITestsLaunchTests.swift; sourceTree = "<group>"; };
		5EEF9494271D395B00F800A1 /* ValidationView.swift */ = {isa = PBXFileReference; fileEncoding = 4; lastKnownFileType = sourcecode.swift; path = ValidationView.swift; sourceTree = "<group>"; };
		5EEF9495271D395B00F800A1 /* Store.swift */ = {isa = PBXFileReference; fileEncoding = 4; lastKnownFileType = sourcecode.swift; path = Store.swift; sourceTree = "<group>"; };
		5EEF9496271D395C00F800A1 /* MiddleWare.swift */ = {isa = PBXFileReference; fileEncoding = 4; lastKnownFileType = sourcecode.swift; path = MiddleWare.swift; sourceTree = "<group>"; };
		5EEF9497271D395C00F800A1 /* AppActions.swift */ = {isa = PBXFileReference; fileEncoding = 4; lastKnownFileType = sourcecode.swift; path = AppActions.swift; sourceTree = "<group>"; };
		5EEF9498271D395C00F800A1 /* AppState.swift */ = {isa = PBXFileReference; fileEncoding = 4; lastKnownFileType = sourcecode.swift; path = AppState.swift; sourceTree = "<group>"; };
		5EEF9499271D395C00F800A1 /* Reducer.swift */ = {isa = PBXFileReference; fileEncoding = 4; lastKnownFileType = sourcecode.swift; path = Reducer.swift; sourceTree = "<group>"; };
/* End PBXFileReference section */

/* Begin PBXFrameworksBuildPhase section */
		5EEF9464271D392200F800A1 /* Frameworks */ = {
			isa = PBXFrameworksBuildPhase;
			buildActionMask = 2147483647;
			files = (
			);
			runOnlyForDeploymentPostprocessing = 0;
		};
		5EEF9474271D392600F800A1 /* Frameworks */ = {
			isa = PBXFrameworksBuildPhase;
			buildActionMask = 2147483647;
			files = (
			);
			runOnlyForDeploymentPostprocessing = 0;
		};
		5EEF947E271D392600F800A1 /* Frameworks */ = {
			isa = PBXFrameworksBuildPhase;
			buildActionMask = 2147483647;
			files = (
			);
			runOnlyForDeploymentPostprocessing = 0;
		};
/* End PBXFrameworksBuildPhase section */

/* Begin PBXGroup section */
		5EEF945E271D392200F800A1 = {
			isa = PBXGroup;
			children = (
				5EEF9469271D392200F800A1 /* Redux_Demo */,
				5EEF947A271D392600F800A1 /* Redux_DemoTests */,
				5EEF9484271D392600F800A1 /* Redux_DemoUITests */,
				5EEF9468271D392200F800A1 /* Products */,
			);
			sourceTree = "<group>";
		};
		5EEF9468271D392200F800A1 /* Products */ = {
			isa = PBXGroup;
			children = (
				5EEF9467271D392200F800A1 /* Redux_Demo.app */,
				5EEF9477271D392600F800A1 /* Redux_DemoTests.xctest */,
				5EEF9481271D392600F800A1 /* Redux_DemoUITests.xctest */,
			);
			name = Products;
			sourceTree = "<group>";
		};
		5EEF9469271D392200F800A1 /* Redux_Demo */ = {
			isa = PBXGroup;
			children = (
				5EEF9497271D395C00F800A1 /* AppActions.swift */,
				5EEF9498271D395C00F800A1 /* AppState.swift */,
				5EEF9496271D395C00F800A1 /* MiddleWare.swift */,
				5EEF9499271D395C00F800A1 /* Reducer.swift */,
				5EEF9495271D395B00F800A1 /* Store.swift */,
				5EEF9494271D395B00F800A1 /* ValidationView.swift */,
				5EEF946A271D392200F800A1 /* Redux_DemoApp.swift */,
				5EEF946E271D392600F800A1 /* Assets.xcassets */,
				5EEF9470271D392600F800A1 /* Preview Content */,
			);
			path = Redux_Demo;
			sourceTree = "<group>";
		};
		5EEF9470271D392600F800A1 /* Preview Content */ = {
			isa = PBXGroup;
			children = (
				5EEF9471271D392600F800A1 /* Preview Assets.xcassets */,
			);
			path = "Preview Content";
			sourceTree = "<group>";
		};
		5EEF947A271D392600F800A1 /* Redux_DemoTests */ = {
			isa = PBXGroup;
			children = (
				5EEF947B271D392600F800A1 /* Redux_DemoTests.swift */,
			);
			path = Redux_DemoTests;
			sourceTree = "<group>";
		};
		5EEF9484271D392600F800A1 /* Redux_DemoUITests */ = {
			isa = PBXGroup;
			children = (
				5EEF9485271D392600F800A1 /* Redux_DemoUITests.swift */,
				5EEF9487271D392600F800A1 /* Redux_DemoUITestsLaunchTests.swift */,
			);
			path = Redux_DemoUITests;
			sourceTree = "<group>";
		};
/* End PBXGroup section */

/* Begin PBXNativeTarget section */
		5EEF9466271D392200F800A1 /* Redux_Demo */ = {
			isa = PBXNativeTarget;
			buildConfigurationList = 5EEF948B271D392600F800A1 /* Build configuration list for PBXNativeTarget "Redux_Demo" */;
			buildPhases = (
				5EEF9463271D392200F800A1 /* Sources */,
				5EEF9464271D392200F800A1 /* Frameworks */,
				5EEF9465271D392200F800A1 /* Resources */,
			);
			buildRules = (
			);
			dependencies = (
			);
			name = Redux_Demo;
			productName = Redux_Demo;
			productReference = 5EEF9467271D392200F800A1 /* Redux_Demo.app */;
			productType = "com.apple.product-type.application";
		};
		5EEF9476271D392600F800A1 /* Redux_DemoTests */ = {
			isa = PBXNativeTarget;
			buildConfigurationList = 5EEF948E271D392600F800A1 /* Build configuration list for PBXNativeTarget "Redux_DemoTests" */;
			buildPhases = (
				5EEF9473271D392600F800A1 /* Sources */,
				5EEF9474271D392600F800A1 /* Frameworks */,
				5EEF9475271D392600F800A1 /* Resources */,
			);
			buildRules = (
			);
			dependencies = (
				5EEF9479271D392600F800A1 /* PBXTargetDependency */,
			);
			name = Redux_DemoTests;
			productName = Redux_DemoTests;
			productReference = 5EEF9477271D392600F800A1 /* Redux_DemoTests.xctest */;
			productType = "com.apple.product-type.bundle.unit-test";
		};
		5EEF9480271D392600F800A1 /* Redux_DemoUITests */ = {
			isa = PBXNativeTarget;
			buildConfigurationList = 5EEF9491271D392600F800A1 /* Build configuration list for PBXNativeTarget "Redux_DemoUITests" */;
			buildPhases = (
				5EEF947D271D392600F800A1 /* Sources */,
				5EEF947E271D392600F800A1 /* Frameworks */,
				5EEF947F271D392600F800A1 /* Resources */,
			);
			buildRules = (
			);
			dependencies = (
				5EEF9483271D392600F800A1 /* PBXTargetDependency */,
			);
			name = Redux_DemoUITests;
			productName = Redux_DemoUITests;
			productReference = 5EEF9481271D392600F800A1 /* Redux_DemoUITests.xctest */;
			productType = "com.apple.product-type.bundle.ui-testing";
		};
/* End PBXNativeTarget section */

/* Begin PBXProject section */
		5EEF945F271D392200F800A1 /* Project object */ = {
			isa = PBXProject;
			attributes = {
				BuildIndependentTargetsInParallel = 1;
				LastSwiftUpdateCheck = 1300;
				LastUpgradeCheck = 1300;
				TargetAttributes = {
					5EEF9466271D392200F800A1 = {
						CreatedOnToolsVersion = 13.0;
					};
					5EEF9476271D392600F800A1 = {
						CreatedOnToolsVersion = 13.0;
						TestTargetID = 5EEF9466271D392200F800A1;
					};
					5EEF9480271D392600F800A1 = {
						CreatedOnToolsVersion = 13.0;
						TestTargetID = 5EEF9466271D392200F800A1;
					};
				};
			};
			buildConfigurationList = 5EEF9462271D392200F800A1 /* Build configuration list for PBXProject "Redux_Demo" */;
			compatibilityVersion = "Xcode 13.0";
			developmentRegion = en;
			hasScannedForEncodings = 0;
			knownRegions = (
				en,
				Base,
			);
			mainGroup = 5EEF945E271D392200F800A1;
			productRefGroup = 5EEF9468271D392200F800A1 /* Products */;
			projectDirPath = "";
			projectRoot = "";
			targets = (
				5EEF9466271D392200F800A1 /* Redux_Demo */,
				5EEF9476271D392600F800A1 /* Redux_DemoTests */,
				5EEF9480271D392600F800A1 /* Redux_DemoUITests */,
			);
		};
/* End PBXProject section */

/* Begin PBXResourcesBuildPhase section */
		5EEF9465271D392200F800A1 /* Resources */ = {
			isa = PBXResourcesBuildPhase;
			buildActionMask = 2147483647;
			files = (
				5EEF9472271D392600F800A1 /* Preview Assets.xcassets in Resources */,
				5EEF946F271D392600F800A1 /* Assets.xcassets in Resources */,
			);
			runOnlyForDeploymentPostprocessing = 0;
		};
		5EEF9475271D392600F800A1 /* Resources */ = {
			isa = PBXResourcesBuildPhase;
			buildActionMask = 2147483647;
			files = (
			);
			runOnlyForDeploymentPostprocessing = 0;
		};
		5EEF947F271D392600F800A1 /* Resources */ = {
			isa = PBXResourcesBuildPhase;
			buildActionMask = 2147483647;
			files = (
			);
			runOnlyForDeploymentPostprocessing = 0;
		};
/* End PBXResourcesBuildPhase section */

/* Begin PBXSourcesBuildPhase section */
		5EEF9463271D392200F800A1 /* Sources */ = {
			isa = PBXSourcesBuildPhase;
			buildActionMask = 2147483647;
			files = (
				5EEF949A271D395C00F800A1 /* ValidationView.swift in Sources */,
				5EEF949F271D395C00F800A1 /* Reducer.swift in Sources */,
				5EEF949E271D395C00F800A1 /* AppState.swift in Sources */,
				5EEF949C271D395C00F800A1 /* MiddleWare.swift in Sources */,
				5EEF946B271D392200F800A1 /* Redux_DemoApp.swift in Sources */,
				5EEF949B271D395C00F800A1 /* Store.swift in Sources */,
				5EEF949D271D395C00F800A1 /* AppActions.swift in Sources */,
			);
			runOnlyForDeploymentPostprocessing = 0;
		};
		5EEF9473271D392600F800A1 /* Sources */ = {
			isa = PBXSourcesBuildPhase;
			buildActionMask = 2147483647;
			files = (
				5EEF947C271D392600F800A1 /* Redux_DemoTests.swift in Sources */,
			);
			runOnlyForDeploymentPostprocessing = 0;
		};
		5EEF947D271D392600F800A1 /* Sources */ = {
			isa = PBXSourcesBuildPhase;
			buildActionMask = 2147483647;
			files = (
				5EEF9488271D392600F800A1 /* Redux_DemoUITestsLaunchTests.swift in Sources */,
				5EEF9486271D392600F800A1 /* Redux_DemoUITests.swift in Sources */,
			);
			runOnlyForDeploymentPostprocessing = 0;
		};
/* End PBXSourcesBuildPhase section */

/* Begin PBXTargetDependency section */
		5EEF9479271D392600F800A1 /* PBXTargetDependency */ = {
			isa = PBXTargetDependency;
			target = 5EEF9466271D392200F800A1 /* Redux_Demo */;
			targetProxy = 5EEF9478271D392600F800A1 /* PBXContainerItemProxy */;
		};
		5EEF9483271D392600F800A1 /* PBXTargetDependency */ = {
			isa = PBXTargetDependency;
			target = 5EEF9466271D392200F800A1 /* Redux_Demo */;
			targetProxy = 5EEF9482271D392600F800A1 /* PBXContainerItemProxy */;
		};
/* End PBXTargetDependency section */

/* Begin XCBuildConfiguration section */
		5EEF9489271D392600F800A1 /* Debug */ = {
			isa = XCBuildConfiguration;
			buildSettings = {
				ALWAYS_SEARCH_USER_PATHS = NO;
				CLANG_ANALYZER_NONNULL = YES;
				CLANG_ANALYZER_NUMBER_OBJECT_CONVERSION = YES_AGGRESSIVE;
				CLANG_CXX_LANGUAGE_STANDARD = "gnu++17";
				CLANG_CXX_LIBRARY = "libc++";
				CLANG_ENABLE_MODULES = YES;
				CLANG_ENABLE_OBJC_ARC = YES;
				CLANG_ENABLE_OBJC_WEAK = YES;
				CLANG_WARN_BLOCK_CAPTURE_AUTORELEASING = YES;
				CLANG_WARN_BOOL_CONVERSION = YES;
				CLANG_WARN_COMMA = YES;
				CLANG_WARN_CONSTANT_CONVERSION = YES;
				CLANG_WARN_DEPRECATED_OBJC_IMPLEMENTATIONS = YES;
				CLANG_WARN_DIRECT_OBJC_ISA_USAGE = YES_ERROR;
				CLANG_WARN_DOCUMENTATION_COMMENTS = YES;
				CLANG_WARN_EMPTY_BODY = YES;
				CLANG_WARN_ENUM_CONVERSION = YES;
				CLANG_WARN_INFINITE_RECURSION = YES;
				CLANG_WARN_INT_CONVERSION = YES;
				CLANG_WARN_NON_LITERAL_NULL_CONVERSION = YES;
				CLANG_WARN_OBJC_IMPLICIT_RETAIN_SELF = YES;
				CLANG_WARN_OBJC_LITERAL_CONVERSION = YES;
				CLANG_WARN_OBJC_ROOT_CLASS = YES_ERROR;
				CLANG_WARN_QUOTED_INCLUDE_IN_FRAMEWORK_HEADER = YES;
				CLANG_WARN_RANGE_LOOP_ANALYSIS = YES;
				CLANG_WARN_STRICT_PROTOTYPES = YES;
				CLANG_WARN_SUSPICIOUS_MOVE = YES;
				CLANG_WARN_UNGUARDED_AVAILABILITY = YES_AGGRESSIVE;
				CLANG_WARN_UNREACHABLE_CODE = YES;
				CLANG_WARN__DUPLICATE_METHOD_MATCH = YES;
				COPY_PHASE_STRIP = NO;
				DEBUG_INFORMATION_FORMAT = dwarf;
				ENABLE_STRICT_OBJC_MSGSEND = YES;
				ENABLE_TESTABILITY = YES;
				GCC_C_LANGUAGE_STANDARD = gnu11;
				GCC_DYNAMIC_NO_PIC = NO;
				GCC_NO_COMMON_BLOCKS = YES;
				GCC_OPTIMIZATION_LEVEL = 0;
				GCC_PREPROCESSOR_DEFINITIONS = (
					"DEBUG=1",
					"$(inherited)",
				);
				GCC_WARN_64_TO_32_BIT_CONVERSION = YES;
				GCC_WARN_ABOUT_RETURN_TYPE = YES_ERROR;
				GCC_WARN_UNDECLARED_SELECTOR = YES;
				GCC_WARN_UNINITIALIZED_AUTOS = YES_AGGRESSIVE;
				GCC_WARN_UNUSED_FUNCTION = YES;
				GCC_WARN_UNUSED_VARIABLE = YES;
				IPHONEOS_DEPLOYMENT_TARGET = 15.0;
				MTL_ENABLE_DEBUG_INFO = INCLUDE_SOURCE;
				MTL_FAST_MATH = YES;
				ONLY_ACTIVE_ARCH = YES;
				SDKROOT = iphoneos;
				SWIFT_ACTIVE_COMPILATION_CONDITIONS = DEBUG;
				SWIFT_OPTIMIZATION_LEVEL = "-Onone";
			};
			name = Debug;
		};
		5EEF948A271D392600F800A1 /* Release */ = {
			isa = XCBuildConfiguration;
			buildSettings = {
				ALWAYS_SEARCH_USER_PATHS = NO;
				CLANG_ANALYZER_NONNULL = YES;
				CLANG_ANALYZER_NUMBER_OBJECT_CONVERSION = YES_AGGRESSIVE;
				CLANG_CXX_LANGUAGE_STANDARD = "gnu++17";
				CLANG_CXX_LIBRARY = "libc++";
				CLANG_ENABLE_MODULES = YES;
				CLANG_ENABLE_OBJC_ARC = YES;
				CLANG_ENABLE_OBJC_WEAK = YES;
				CLANG_WARN_BLOCK_CAPTURE_AUTORELEASING = YES;
				CLANG_WARN_BOOL_CONVERSION = YES;
				CLANG_WARN_COMMA = YES;
				CLANG_WARN_CONSTANT_CONVERSION = YES;
				CLANG_WARN_DEPRECATED_OBJC_IMPLEMENTATIONS = YES;
				CLANG_WARN_DIRECT_OBJC_ISA_USAGE = YES_ERROR;
				CLANG_WARN_DOCUMENTATION_COMMENTS = YES;
				CLANG_WARN_EMPTY_BODY = YES;
				CLANG_WARN_ENUM_CONVERSION = YES;
				CLANG_WARN_INFINITE_RECURSION = YES;
				CLANG_WARN_INT_CONVERSION = YES;
				CLANG_WARN_NON_LITERAL_NULL_CONVERSION = YES;
				CLANG_WARN_OBJC_IMPLICIT_RETAIN_SELF = YES;
				CLANG_WARN_OBJC_LITERAL_CONVERSION = YES;
				CLANG_WARN_OBJC_ROOT_CLASS = YES_ERROR;
				CLANG_WARN_QUOTED_INCLUDE_IN_FRAMEWORK_HEADER = YES;
				CLANG_WARN_RANGE_LOOP_ANALYSIS = YES;
				CLANG_WARN_STRICT_PROTOTYPES = YES;
				CLANG_WARN_SUSPICIOUS_MOVE = YES;
				CLANG_WARN_UNGUARDED_AVAILABILITY = YES_AGGRESSIVE;
				CLANG_WARN_UNREACHABLE_CODE = YES;
				CLANG_WARN__DUPLICATE_METHOD_MATCH = YES;
				COPY_PHASE_STRIP = NO;
				DEBUG_INFORMATION_FORMAT = "dwarf-with-dsym";
				ENABLE_NS_ASSERTIONS = NO;
				ENABLE_STRICT_OBJC_MSGSEND = YES;
				GCC_C_LANGUAGE_STANDARD = gnu11;
				GCC_NO_COMMON_BLOCKS = YES;
				GCC_WARN_64_TO_32_BIT_CONVERSION = YES;
				GCC_WARN_ABOUT_RETURN_TYPE = YES_ERROR;
				GCC_WARN_UNDECLARED_SELECTOR = YES;
				GCC_WARN_UNINITIALIZED_AUTOS = YES_AGGRESSIVE;
				GCC_WARN_UNUSED_FUNCTION = YES;
				GCC_WARN_UNUSED_VARIABLE = YES;
				IPHONEOS_DEPLOYMENT_TARGET = 15.0;
				MTL_ENABLE_DEBUG_INFO = NO;
				MTL_FAST_MATH = YES;
				SDKROOT = iphoneos;
				SWIFT_COMPILATION_MODE = wholemodule;
				SWIFT_OPTIMIZATION_LEVEL = "-O";
				VALIDATE_PRODUCT = YES;
			};
			name = Release;
		};
		5EEF948C271D392600F800A1 /* Debug */ = {
			isa = XCBuildConfiguration;
			buildSettings = {
				ASSETCATALOG_COMPILER_APPICON_NAME = AppIcon;
				ASSETCATALOG_COMPILER_GLOBAL_ACCENT_COLOR_NAME = AccentColor;
				CODE_SIGN_STYLE = Automatic;
				CURRENT_PROJECT_VERSION = 1;
				DEVELOPMENT_ASSET_PATHS = "\"Redux_Demo/Preview Content\"";
				DEVELOPMENT_TEAM = K7J3YNT62U;
				ENABLE_PREVIEWS = YES;
				GENERATE_INFOPLIST_FILE = YES;
				INFOPLIST_KEY_UIApplicationSceneManifest_Generation = YES;
				INFOPLIST_KEY_UIApplicationSupportsIndirectInputEvents = YES;
				INFOPLIST_KEY_UILaunchScreen_Generation = YES;
				INFOPLIST_KEY_UISupportedInterfaceOrientations_iPad = "UIInterfaceOrientationPortrait UIInterfaceOrientationPortraitUpsideDown UIInterfaceOrientationLandscapeLeft UIInterfaceOrientationLandscapeRight";
				INFOPLIST_KEY_UISupportedInterfaceOrientations_iPhone = "UIInterfaceOrientationPortrait UIInterfaceOrientationLandscapeLeft UIInterfaceOrientationLandscapeRight";
				IPHONEOS_DEPLOYMENT_TARGET = 14.0;
				LD_RUNPATH_SEARCH_PATHS = (
					"$(inherited)",
					"@executable_path/Frameworks",
				);
				MARKETING_VERSION = 1.0;
				PRODUCT_BUNDLE_IDENTIFIER = "vend.Redux-Demo";
				PRODUCT_NAME = "$(TARGET_NAME)";
				SWIFT_EMIT_LOC_STRINGS = YES;
				SWIFT_VERSION = 5.0;
				TARGETED_DEVICE_FAMILY = "1,2";
			};
			name = Debug;
		};
		5EEF948D271D392600F800A1 /* Release */ = {
			isa = XCBuildConfiguration;
			buildSettings = {
				ASSETCATALOG_COMPILER_APPICON_NAME = AppIcon;
				ASSETCATALOG_COMPILER_GLOBAL_ACCENT_COLOR_NAME = AccentColor;
				CODE_SIGN_STYLE = Automatic;
				CURRENT_PROJECT_VERSION = 1;
				DEVELOPMENT_ASSET_PATHS = "\"Redux_Demo/Preview Content\"";
				DEVELOPMENT_TEAM = K7J3YNT62U;
				ENABLE_PREVIEWS = YES;
				GENERATE_INFOPLIST_FILE = YES;
				INFOPLIST_KEY_UIApplicationSceneManifest_Generation = YES;
				INFOPLIST_KEY_UIApplicationSupportsIndirectInputEvents = YES;
				INFOPLIST_KEY_UILaunchScreen_Generation = YES;
				INFOPLIST_KEY_UISupportedInterfaceOrientations_iPad = "UIInterfaceOrientationPortrait UIInterfaceOrientationPortraitUpsideDown UIInterfaceOrientationLandscapeLeft UIInterfaceOrientationLandscapeRight";
				INFOPLIST_KEY_UISupportedInterfaceOrientations_iPhone = "UIInterfaceOrientationPortrait UIInterfaceOrientationLandscapeLeft UIInterfaceOrientationLandscapeRight";
				IPHONEOS_DEPLOYMENT_TARGET = 14.0;
				LD_RUNPATH_SEARCH_PATHS = (
					"$(inherited)",
					"@executable_path/Frameworks",
				);
				MARKETING_VERSION = 1.0;
				PRODUCT_BUNDLE_IDENTIFIER = "vend.Redux-Demo";
				PRODUCT_NAME = "$(TARGET_NAME)";
				SWIFT_EMIT_LOC_STRINGS = YES;
				SWIFT_VERSION = 5.0;
				TARGETED_DEVICE_FAMILY = "1,2";
			};
			name = Release;
		};
		5EEF948F271D392600F800A1 /* Debug */ = {
			isa = XCBuildConfiguration;
			buildSettings = {
				ALWAYS_EMBED_SWIFT_STANDARD_LIBRARIES = YES;
				BUNDLE_LOADER = "$(TEST_HOST)";
				CODE_SIGN_STYLE = Automatic;
				CURRENT_PROJECT_VERSION = 1;
				DEVELOPMENT_TEAM = K7J3YNT62U;
				GENERATE_INFOPLIST_FILE = YES;
				IPHONEOS_DEPLOYMENT_TARGET = 14.0;
				LD_RUNPATH_SEARCH_PATHS = (
					"$(inherited)",
					"@executable_path/Frameworks",
					"@loader_path/Frameworks",
				);
				MARKETING_VERSION = 1.0;
				PRODUCT_BUNDLE_IDENTIFIER = "vend.Redux-DemoTests";
				PRODUCT_NAME = "$(TARGET_NAME)";
				SWIFT_EMIT_LOC_STRINGS = NO;
				SWIFT_VERSION = 5.0;
				TARGETED_DEVICE_FAMILY = "1,2";
				TEST_HOST = "$(BUILT_PRODUCTS_DIR)/Redux_Demo.app/Redux_Demo";
			};
			name = Debug;
		};
		5EEF9490271D392600F800A1 /* Release */ = {
			isa = XCBuildConfiguration;
			buildSettings = {
				ALWAYS_EMBED_SWIFT_STANDARD_LIBRARIES = YES;
				BUNDLE_LOADER = "$(TEST_HOST)";
				CODE_SIGN_STYLE = Automatic;
				CURRENT_PROJECT_VERSION = 1;
				DEVELOPMENT_TEAM = K7J3YNT62U;
				GENERATE_INFOPLIST_FILE = YES;
				IPHONEOS_DEPLOYMENT_TARGET = 14.0;
				LD_RUNPATH_SEARCH_PATHS = (
					"$(inherited)",
					"@executable_path/Frameworks",
					"@loader_path/Frameworks",
				);
				MARKETING_VERSION = 1.0;
				PRODUCT_BUNDLE_IDENTIFIER = "vend.Redux-DemoTests";
				PRODUCT_NAME = "$(TARGET_NAME)";
				SWIFT_EMIT_LOC_STRINGS = NO;
				SWIFT_VERSION = 5.0;
				TARGETED_DEVICE_FAMILY = "1,2";
				TEST_HOST = "$(BUILT_PRODUCTS_DIR)/Redux_Demo.app/Redux_Demo";
			};
			name = Release;
		};
		5EEF9492271D392600F800A1 /* Debug */ = {
			isa = XCBuildConfiguration;
			buildSettings = {
				ALWAYS_EMBED_SWIFT_STANDARD_LIBRARIES = YES;
				CODE_SIGN_STYLE = Automatic;
				CURRENT_PROJECT_VERSION = 1;
				DEVELOPMENT_TEAM = K7J3YNT62U;
				GENERATE_INFOPLIST_FILE = YES;
				LD_RUNPATH_SEARCH_PATHS = (
					"$(inherited)",
					"@executable_path/Frameworks",
					"@loader_path/Frameworks",
				);
				MARKETING_VERSION = 1.0;
				PRODUCT_BUNDLE_IDENTIFIER = "vend.Redux-DemoUITests";
				PRODUCT_NAME = "$(TARGET_NAME)";
				SWIFT_EMIT_LOC_STRINGS = NO;
				SWIFT_VERSION = 5.0;
				TARGETED_DEVICE_FAMILY = "1,2";
				TEST_TARGET_NAME = Redux_Demo;
			};
			name = Debug;
		};
		5EEF9493271D392600F800A1 /* Release */ = {
			isa = XCBuildConfiguration;
			buildSettings = {
				ALWAYS_EMBED_SWIFT_STANDARD_LIBRARIES = YES;
				CODE_SIGN_STYLE = Automatic;
				CURRENT_PROJECT_VERSION = 1;
				DEVELOPMENT_TEAM = K7J3YNT62U;
				GENERATE_INFOPLIST_FILE = YES;
				LD_RUNPATH_SEARCH_PATHS = (
					"$(inherited)",
					"@executable_path/Frameworks",
					"@loader_path/Frameworks",
				);
				MARKETING_VERSION = 1.0;
				PRODUCT_BUNDLE_IDENTIFIER = "vend.Redux-DemoUITests";
				PRODUCT_NAME = "$(TARGET_NAME)";
				SWIFT_EMIT_LOC_STRINGS = NO;
				SWIFT_VERSION = 5.0;
				TARGETED_DEVICE_FAMILY = "1,2";
				TEST_TARGET_NAME = Redux_Demo;
			};
			name = Release;
		};
/* End XCBuildConfiguration section */

/* Begin XCConfigurationList section */
		5EEF9462271D392200F800A1 /* Build configuration list for PBXProject "Redux_Demo" */ = {
			isa = XCConfigurationList;
			buildConfigurations = (
				5EEF9489271D392600F800A1 /* Debug */,
				5EEF948A271D392600F800A1 /* Release */,
			);
			defaultConfigurationIsVisible = 0;
			defaultConfigurationName = Release;
		};
		5EEF948B271D392600F800A1 /* Build configuration list for PBXNativeTarget "Redux_Demo" */ = {
			isa = XCConfigurationList;
			buildConfigurations = (
				5EEF948C271D392600F800A1 /* Debug */,
				5EEF948D271D392600F800A1 /* Release */,
			);
			defaultConfigurationIsVisible = 0;
			defaultConfigurationName = Release;
		};
		5EEF948E271D392600F800A1 /* Build configuration list for PBXNativeTarget "Redux_DemoTests" */ = {
			isa = XCConfigurationList;
			buildConfigurations = (
				5EEF948F271D392600F800A1 /* Debug */,
				5EEF9490271D392600F800A1 /* Release */,
			);
			defaultConfigurationIsVisible = 0;
			defaultConfigurationName = Release;
		};
		5EEF9491271D392600F800A1 /* Build configuration list for PBXNativeTarget "Redux_DemoUITests" */ = {
			isa = XCConfigurationList;
			buildConfigurations = (
				5EEF9492271D392600F800A1 /* Debug */,
				5EEF9493271D392600F800A1 /* Release */,
			);
			defaultConfigurationIsVisible = 0;
			defaultConfigurationName = Release;
		};
/* End XCConfigurationList section */
	};
	rootObject = 5EEF945F271D392200F800A1 /* Project object */;
}
